// !$*UTF8*$!
{
	archiveVersion = 1;
	classes = {
	};
	objectVersion = 50;
	objects = {

/* Begin PBXBuildFile section */
		146BBA9B22C9931A00A104DA /* AppDelegate.m in Sources */ = {isa = PBXBuildFile; fileRef = 146BBA9A22C9931A00A104DA /* AppDelegate.m */; };
		146BBA9E22C9931A00A104DA /* FirstViewController.m in Sources */ = {isa = PBXBuildFile; fileRef = 146BBA9D22C9931A00A104DA /* FirstViewController.m */; };
		146BBAA122C9931A00A104DA /* SecondViewController.m in Sources */ = {isa = PBXBuildFile; fileRef = 146BBAA022C9931A00A104DA /* SecondViewController.m */; };
		146BBAA422C9931A00A104DA /* Main.storyboard in Resources */ = {isa = PBXBuildFile; fileRef = 146BBAA222C9931A00A104DA /* Main.storyboard */; };
		146BBAA622C9931D00A104DA /* Assets.xcassets in Resources */ = {isa = PBXBuildFile; fileRef = 146BBAA522C9931D00A104DA /* Assets.xcassets */; };
		146BBAA922C9931D00A104DA /* LaunchScreen.storyboard in Resources */ = {isa = PBXBuildFile; fileRef = 146BBAA722C9931D00A104DA /* LaunchScreen.storyboard */; };
		146BBAAC22C9931D00A104DA /* main.m in Sources */ = {isa = PBXBuildFile; fileRef = 146BBAAB22C9931D00A104DA /* main.m */; };
/* End PBXBuildFile section */

/* Begin PBXFileReference section */
		146BBA9622C9931A00A104DA /* SimilarWeChatApp.app */ = {isa = PBXFileReference; explicitFileType = wrapper.application; includeInIndex = 0; path = SimilarWeChatApp.app; sourceTree = BUILT_PRODUCTS_DIR; };
		146BBA9922C9931A00A104DA /* AppDelegate.h */ = {isa = PBXFileReference; lastKnownFileType = sourcecode.c.h; path = AppDelegate.h; sourceTree = "<group>"; };
		146BBA9A22C9931A00A104DA /* AppDelegate.m */ = {isa = PBXFileReference; lastKnownFileType = sourcecode.c.objc; path = AppDelegate.m; sourceTree = "<group>"; };
		146BBA9C22C9931A00A104DA /* FirstViewController.h */ = {isa = PBXFileReference; lastKnownFileType = sourcecode.c.h; path = FirstViewController.h; sourceTree = "<group>"; };
		146BBA9D22C9931A00A104DA /* FirstViewController.m */ = {isa = PBXFileReference; lastKnownFileType = sourcecode.c.objc; path = FirstViewController.m; sourceTree = "<group>"; };
		146BBA9F22C9931A00A104DA /* SecondViewController.h */ = {isa = PBXFileReference; lastKnownFileType = sourcecode.c.h; path = SecondViewController.h; sourceTree = "<group>"; };
		146BBAA022C9931A00A104DA /* SecondViewController.m */ = {isa = PBXFileReference; lastKnownFileType = sourcecode.c.objc; path = SecondViewController.m; sourceTree = "<group>"; };
		146BBAA322C9931A00A104DA /* Base */ = {isa = PBXFileReference; lastKnownFileType = file.storyboard; name = Base; path = Base.lproj/Main.storyboard; sourceTree = "<group>"; };
		146BBAA522C9931D00A104DA /* Assets.xcassets */ = {isa = PBXFileReference; lastKnownFileType = folder.assetcatalog; path = Assets.xcassets; sourceTree = "<group>"; };
		146BBAA822C9931D00A104DA /* Base */ = {isa = PBXFileReference; lastKnownFileType = file.storyboard; name = Base; path = Base.lproj/LaunchScreen.storyboard; sourceTree = "<group>"; };
		146BBAAA22C9931D00A104DA /* Info.plist */ = {isa = PBXFileReference; lastKnownFileType = text.plist.xml; path = Info.plist; sourceTree = "<group>"; };
		146BBAAB22C9931D00A104DA /* main.m */ = {isa = PBXFileReference; lastKnownFileType = sourcecode.c.objc; path = main.m; sourceTree = "<group>"; };
/* End PBXFileReference section */

/* Begin PBXFrameworksBuildPhase section */
		146BBA9322C9931A00A104DA /* Frameworks */ = {
			isa = PBXFrameworksBuildPhase;
			buildActionMask = 2147483647;
			files = (
			);
			runOnlyForDeploymentPostprocessing = 0;
		};
/* End PBXFrameworksBuildPhase section */

/* Begin PBXGroup section */
		146BBA8D22C9931A00A104DA = {
			isa = PBXGroup;
			children = (
				146BBA9822C9931A00A104DA /* SimilarWeChatApp */,
				146BBA9722C9931A00A104DA /* Products */,
			);
			sourceTree = "<group>";
		};
		146BBA9722C9931A00A104DA /* Products */ = {
			isa = PBXGroup;
			children = (
				146BBA9622C9931A00A104DA /* SimilarWeChatApp.app */,
			);
			name = Products;
			sourceTree = "<group>";
		};
		146BBA9822C9931A00A104DA /* SimilarWeChatApp */ = {
			isa = PBXGroup;
			children = (
				146BBA9922C9931A00A104DA /* AppDelegate.h */,
				146BBA9A22C9931A00A104DA /* AppDelegate.m */,
				146BBA9C22C9931A00A104DA /* FirstViewController.h */,
				146BBA9D22C9931A00A104DA /* FirstViewController.m */,
				146BBA9F22C9931A00A104DA /* SecondViewController.h */,
				146BBAA022C9931A00A104DA /* SecondViewController.m */,
				146BBAA222C9931A00A104DA /* Main.storyboard */,
				146BBAA522C9931D00A104DA /* Assets.xcassets */,
				146BBAA722C9931D00A104DA /* LaunchScreen.storyboard */,
				146BBAAA22C9931D00A104DA /* Info.plist */,
				146BBAAB22C9931D00A104DA /* main.m */,
			);
			path = SimilarWeChatApp;
			sourceTree = "<group>";
		};
/* End PBXGroup section */

/* Begin PBXNativeTarget section */
		146BBA9522C9931A00A104DA /* SimilarWeChatApp */ = {
			isa = PBXNativeTarget;
			buildConfigurationList = 146BBAAF22C9931D00A104DA /* Build configuration list for PBXNativeTarget "SimilarWeChatApp" */;
			buildPhases = (
				146BBA9222C9931A00A104DA /* Sources */,
				146BBA9322C9931A00A104DA /* Frameworks */,
				146BBA9422C9931A00A104DA /* Resources */,
			);
			buildRules = (
			);
			dependencies = (
			);
			name = SimilarWeChatApp;
			productName = SimilarWeChatApp;
			productReference = 146BBA9622C9931A00A104DA /* SimilarWeChatApp.app */;
			productType = "com.apple.product-type.application";
		};
/* End PBXNativeTarget section */

/* Begin PBXProject section */
		146BBA8E22C9931A00A104DA /* Project object */ = {
			isa = PBXProject;
			attributes = {
				LastUpgradeCheck = 0940;
				ORGANIZATIONNAME = Mac;
				TargetAttributes = {
					146BBA9522C9931A00A104DA = {
						CreatedOnToolsVersion = 9.4.1;
					};
				};
			};
			buildConfigurationList = 146BBA9122C9931A00A104DA /* Build configuration list for PBXProject "SimilarWeChatApp" */;
			compatibilityVersion = "Xcode 9.3";
			developmentRegion = en;
			hasScannedForEncodings = 0;
			knownRegions = (
				en,
				Base,
			);
			mainGroup = 146BBA8D22C9931A00A104DA;
			productRefGroup = 146BBA9722C9931A00A104DA /* Products */;
			projectDirPath = "";
			projectRoot = "";
			targets = (
				146BBA9522C9931A00A104DA /* SimilarWeChatApp */,
			);
		};
/* End PBXProject section */

/* Begin PBXResourcesBuildPhase section */
		146BBA9422C9931A00A104DA /* Resources */ = {
			isa = PBXResourcesBuildPhase;
			buildActionMask = 2147483647;
			files = (
				146BBAA922C9931D00A104DA /* LaunchScreen.storyboard in Resources */,
				146BBAA622C9931D00A104DA /* Assets.xcassets in Resources */,
				146BBAA422C9931A00A104DA /* Main.storyboard in Resources */,
			);
			runOnlyForDeploymentPostprocessing = 0;
		};
/* End PBXResourcesBuildPhase section */

/* Begin PBXSourcesBuildPhase section */
		146BBA9222C9931A00A104DA /* Sources */ = {
			isa = PBXSourcesBuildPhase;
			buildActionMask = 2147483647;
			files = (
				146BBAA122C9931A00A104DA /* SecondViewController.m in Sources */,
				146BBA9B22C9931A00A104DA /* AppDelegate.m in Sources */,
				146BBAAC22C9931D00A104DA /* main.m in Sources */,
				146BBA9E22C9931A00A104DA /* FirstViewController.m in Sources */,
			);
			runOnlyForDeploymentPostprocessing = 0;
		};
/* End PBXSourcesBuildPhase section */

/* Begin PBXVariantGroup section */
		146BBAA222C9931A00A104DA /* Main.storyboard */ = {
			isa = PBXVariantGroup;
			children = (
				146BBAA322C9931A00A104DA /* Base */,
			);
			name = Main.storyboard;
			sourceTree = "<group>";
		};
		146BBAA722C9931D00A104DA /* LaunchScreen.storyboard */ = {
			isa = PBXVariantGroup;
			children = (
				146BBAA822C9931D00A104DA /* Base */,
			);
			name = LaunchScreen.storyboard;
			sourceTree = "<group>";
		};
/* End PBXVariantGroup section */

/* Begin XCBuildConfiguration section */
		146BBAAD22C9931D00A104DA /* Debug */ = {
			isa = XCBuildConfiguration;
			buildSettings = {
				ALWAYS_SEARCH_USER_PATHS = NO;
				CLANG_ANALYZER_NONNULL = YES;
				CLANG_ANALYZER_NUMBER_OBJECT_CONVERSION = YES_AGGRESSIVE;
				CLANG_CXX_LANGUAGE_STANDARD = "gnu++14";
				CLANG_CXX_LIBRARY = "libc++";
				CLANG_ENABLE_MODULES = YES;
				CLANG_ENABLE_OBJC_ARC = YES;
				CLANG_ENABLE_OBJC_WEAK = YES;
				CLANG_WARN_BLOCK_CAPTURE_AUTORELEASING = YES;
				CLANG_WARN_BOOL_CONVERSION = YES;
				CLANG_WARN_COMMA = YES;
				CLANG_WARN_CONSTANT_CONVERSION = YES;
				CLANG_WARN_DEPRECATED_OBJC_IMPLEMENTATIONS = YES;
				CLANG_WARN_DIRECT_OBJC_ISA_USAGE = YES_ERROR;
				CLANG_WARN_DOCUMENTATION_COMMENTS = YES;
				CLANG_WARN_EMPTY_BODY = YES;
				CLANG_WARN_ENUM_CONVERSION = YES;
				CLANG_WARN_INFINITE_RECURSION = YES;
				CLANG_WARN_INT_CONVERSION = YES;
				CLANG_WARN_NON_LITERAL_NULL_CONVERSION = YES;
				CLANG_WARN_OBJC_IMPLICIT_RETAIN_SELF = YES;
				CLANG_WARN_OBJC_LITERAL_CONVERSION = YES;
				CLANG_WARN_OBJC_ROOT_CLASS = YES_ERROR;
				CLANG_WARN_RANGE_LOOP_ANALYSIS = YES;
				CLANG_WARN_STRICT_PROTOTYPES = YES;
				CLANG_WARN_SUSPICIOUS_MOVE = YES;
				CLANG_WARN_UNGUARDED_AVAILABILITY = YES_AGGRESSIVE;
				CLANG_WARN_UNREACHABLE_CODE = YES;
				CLANG_WARN__DUPLICATE_METHOD_MATCH = YES;
				CODE_SIGN_IDENTITY = "iPhone Developer";
				COPY_PHASE_STRIP = NO;
				DEBUG_INFORMATION_FORMAT = dwarf;
				ENABLE_STRICT_OBJC_MSGSEND = YES;
				ENABLE_TESTABILITY = YES;
				GCC_C_LANGUAGE_STANDARD = gnu11;
				GCC_DYNAMIC_NO_PIC = NO;
				GCC_NO_COMMON_BLOCKS = YES;
				GCC_OPTIMIZATION_LEVEL = 0;
				GCC_PREPROCESSOR_DEFINITIONS = (
					"DEBUG=1",
					"$(inherited)",
				);
				GCC_WARN_64_TO_32_BIT_CONVERSION = YES;
				GCC_WARN_ABOUT_RETURN_TYPE = YES_ERROR;
				GCC_WARN_UNDECLARED_SELECTOR = YES;
				GCC_WARN_UNINITIALIZED_AUTOS = YES_AGGRESSIVE;
				GCC_WARN_UNUSED_FUNCTION = YES;
				GCC_WARN_UNUSED_VARIABLE = YES;
				IPHONEOS_DEPLOYMENT_TARGET = 11.4;
				MTL_ENABLE_DEBUG_INFO = YES;
				ONLY_ACTIVE_ARCH = YES;
				SDKROOT = iphoneos;
			};
			name = Debug;
		};
		146BBAAE22C9931D00A104DA /* Release */ = {
			isa = XCBuildConfiguration;
			buildSettings = {
				ALWAYS_SEARCH_USER_PATHS = NO;
				CLANG_ANALYZER_NONNULL = YES;
				CLANG_ANALYZER_NUMBER_OBJECT_CONVERSION = YES_AGGRESSIVE;
				CLANG_CXX_LANGUAGE_STANDARD = "gnu++14";
				CLANG_CXX_LIBRARY = "libc++";
				CLANG_ENABLE_MODULES = YES;
				CLANG_ENABLE_OBJC_ARC = YES;
				CLANG_ENABLE_OBJC_WEAK = YES;
				CLANG_WARN_BLOCK_CAPTURE_AUTORELEASING = YES;
				CLANG_WARN_BOOL_CONVERSION = YES;
				CLANG_WARN_COMMA = YES;
				CLANG_WARN_CONSTANT_CONVERSION = YES;
				CLANG_WARN_DEPRECATED_OBJC_IMPLEMENTATIONS = YES;
				CLANG_WARN_DIRECT_OBJC_ISA_USAGE = YES_ERROR;
				CLANG_WARN_DOCUMENTATION_COMMENTS = YES;
				CLANG_WARN_EMPTY_BODY = YES;
				CLANG_WARN_ENUM_CONVERSION = YES;
				CLANG_WARN_INFINITE_RECURSION = YES;
				CLANG_WARN_INT_CONVERSION = YES;
				CLANG_WARN_NON_LITERAL_NULL_CONVERSION = YES;
				CLANG_WARN_OBJC_IMPLICIT_RETAIN_SELF = YES;
				CLANG_WARN_OBJC_LITERAL_CONVERSION = YES;
				CLANG_WARN_OBJC_ROOT_CLASS = YES_ERROR;
				CLANG_WARN_RANGE_LOOP_ANALYSIS = YES;
				CLANG_WARN_STRICT_PROTOTYPES = YES;
				CLANG_WARN_SUSPICIOUS_MOVE = YES;
				CLANG_WARN_UNGUARDED_AVAILABILITY = YES_AGGRESSIVE;
				CLANG_WARN_UNREACHABLE_CODE = YES;
				CLANG_WARN__DUPLICATE_METHOD_MATCH = YES;
				CODE_SIGN_IDENTITY = "iPhone Developer";
				COPY_PHASE_STRIP = NO;
				DEBUG_INFORMATION_FORMAT = "dwarf-with-dsym";
				ENABLE_NS_ASSERTIONS = NO;
				ENABLE_STRICT_OBJC_MSGSEND = YES;
				GCC_C_LANGUAGE_STANDARD = gnu11;
				GCC_NO_COMMON_BLOCKS = YES;
				GCC_WARN_64_TO_32_BIT_CONVERSION = YES;
				GCC_WARN_ABOUT_RETURN_TYPE = YES_ERROR;
				GCC_WARN_UNDECLARED_SELECTOR = YES;
				GCC_WARN_UNINITIALIZED_AUTOS = YES_AGGRESSIVE;
				GCC_WARN_UNUSED_FUNCTION = YES;
				GCC_WARN_UNUSED_VARIABLE = YES;
				IPHONEOS_DEPLOYMENT_TARGET = 11.4;
				MTL_ENABLE_DEBUG_INFO = NO;
				SDKROOT = iphoneos;
				VALIDATE_PRODUCT = YES;
			};
			name = Release;
		};
		146BBAB022C9931D00A104DA /* Debug */ = {
			isa = XCBuildConfiguration;
			buildSettings = {
				ASSETCATALOG_COMPILER_APPICON_NAME = AppIcon;
				CODE_SIGN_STYLE = Automatic;
				INFOPLIST_FILE = SimilarWeChatApp/Info.plist;
				LD_RUNPATH_SEARCH_PATHS = (
					"$(inherited)",
					"@executable_path/Frameworks",
				);
				PRODUCT_BUNDLE_IDENTIFIER = maochengfang.SimilarWeChatApp;
				PRODUCT_NAME = "$(TARGET_NAME)";
				TARGETED_DEVICE_FAMILY = "1,2";
			};
			name = Debug;
		};
		146BBAB122C9931D00A104DA /* Release */ = {
			isa = XCBuildConfiguration;
			buildSettings = {
				ASSETCATALOG_COMPILER_APPICON_NAME = AppIcon;
				CODE_SIGN_STYLE = Automatic;
				INFOPLIST_FILE = SimilarWeChatApp/Info.plist;
				LD_RUNPATH_SEARCH_PATHS = (
					"$(inherited)",
					"@executable_path/Frameworks",
				);
				PRODUCT_BUNDLE_IDENTIFIER = maochengfang.SimilarWeChatApp;
				PRODUCT_NAME = "$(TARGET_NAME)";
				TARGETED_DEVICE_FAMILY = "1,2";
			};
			name = Release;
		};
/* End XCBuildConfiguration section */

/* Begin XCConfigurationList section */
		146BBA9122C9931A00A104DA /* Build configuration list for PBXProject "SimilarWeChatApp" */ = {
			isa = XCConfigurationList;
			buildConfigurations = (
				146BBAAD22C9931D00A104DA /* Debug */,
				146BBAAE22C9931D00A104DA /* Release */,
			);
			defaultConfigurationIsVisible = 0;
			defaultConfigurationName = Release;
		};
		146BBAAF22C9931D00A104DA /* Build configuration list for PBXNativeTarget "SimilarWeChatApp" */ = {
			isa = XCConfigurationList;
			buildConfigurations = (
				146BBAB022C9931D00A104DA /* Debug */,
				146BBAB122C9931D00A104DA /* Release */,
			);
			defaultConfigurationIsVisible = 0;
			defaultConfigurationName = Release;
		};
/* End XCConfigurationList section */
	};
	rootObject = 146BBA8E22C9931A00A104DA /* Project object */;
}
